
Microsoft Visual Studio Solution File, Format Version 12.00
# Visual Studio Version 16
VisualStudioVersion = 16.0.32228.343
MinimumVisualStudioVersion = 10.0.40219.1
Project("{9A19103F-16F7-4668-BE54-9A1E7A4F7556}") = "Primo", "Primo\Primo.csproj", "{D4BEC431-9E8C-4283-9F8B-C3DF3BF9BABB}"
EndProject
Project("{9A19103F-16F7-4668-BE54-9A1E7A4F7556}") = "Palindromo", "Palindromo\Palindromo.csproj", "{00E1406E-D095-4475-BAD1-31285F32CC63}"
EndProject
Project("{9A19103F-16F7-4668-BE54-9A1E7A4F7556}") = "MovimentoDoBot", "MovimentoDoBot\MovimentoDoBot.csproj", "{FD935D07-F1DB-4C22-9107-25A6225B937E}"
EndProject
Global
	GlobalSection(SolutionConfigurationPlatforms) = preSolution
		Debug|Any CPU = Debug|Any CPU
		Release|Any CPU = Release|Any CPU
	EndGlobalSection
	GlobalSection(ProjectConfigurationPlatforms) = postSolution
		{D4BEC431-9E8C-4283-9F8B-C3DF3BF9BABB}.Debug|Any CPU.ActiveCfg = Debug|Any CPU
		{D4BEC431-9E8C-4283-9F8B-C3DF3BF9BABB}.Debug|Any CPU.Build.0 = Debug|Any CPU
		{D4BEC431-9E8C-4283-9F8B-C3DF3BF9BABB}.Release|Any CPU.ActiveCfg = Release|Any CPU
		{D4BEC431-9E8C-4283-9F8B-C3DF3BF9BABB}.Release|Any CPU.Build.0 = Release|Any CPU
		{00E1406E-D095-4475-BAD1-31285F32CC63}.Debug|Any CPU.ActiveCfg = Debug|Any CPU
		{00E1406E-D095-4475-BAD1-31285F32CC63}.Debug|Any CPU.Build.0 = Debug|Any CPU
		{00E1406E-D095-4475-BAD1-31285F32CC63}.Release|Any CPU.ActiveCfg = Release|Any CPU
		{00E1406E-D095-4475-BAD1-31285F32CC63}.Release|Any CPU.Build.0 = Release|Any CPU
		{FD935D07-F1DB-4C22-9107-25A6225B937E}.Debug|Any CPU.ActiveCfg = Debug|Any CPU
		{FD935D07-F1DB-4C22-9107-25A6225B937E}.Debug|Any CPU.Build.0 = Debug|Any CPU
		{FD935D07-F1DB-4C22-9107-25A6225B937E}.Release|Any CPU.ActiveCfg = Release|Any CPU
		{FD935D07-F1DB-4C22-9107-25A6225B937E}.Release|Any CPU.Build.0 = Release|Any CPU
	EndGlobalSection
	GlobalSection(SolutionProperties) = preSolution
		HideSolutionNode = FALSE
	EndGlobalSection
	GlobalSection(ExtensibilityGlobals) = postSolution
		SolutionGuid = {4FF5D6DF-76D8-4CE6-9EE9-605B11377123}
	EndGlobalSection
EndGlobal
